
Microsoft Visual Studio Solution File, Format Version 12.00
# Visual Studio Version 17
VisualStudioVersion = 17.0.31903.59
MinimumVisualStudioVersion = 10.0.40219.1
Project("{FAE04EC0-301F-11D3-BF4B-00C04F79EFBC}") = "Clap.Net", "Clap.Net\Clap.Net.csproj", "{14E73F13-6272-457E-835D-092B21595788}"
EndProject
Project("{FAE04EC0-301F-11D3-BF4B-00C04F79EFBC}") = "Clap.TestConsole", "Clap.TestConsole\Clap.TestConsole.csproj", "{E3351B3D-AD6B-4F42-B203-F5C60A4BB21A}"
EndProject
Project("{FAE04EC0-301F-11D3-BF4B-00C04F79EFBC}") = "Clap.Net.Tests", "Clap.Net.Tests\Clap.Net.Tests.csproj", "{FD1932FB-9F1D-434A-853B-DC5DA62952F1}"
EndProject
Project("{FAE04EC0-301F-11D3-BF4B-00C04F79EFBC}") = "Clap.Net.Tool", "Clap.Net.Tool\Clap.Net.Tool.csproj", "{2529900F-1DAB-4C86-95AD-179CED450D7E}"
EndProject
Global
	GlobalSection(SolutionConfigurationPlatforms) = preSolution
		Debug|Any CPU = Debug|Any CPU
		Release|Any CPU = Release|Any CPU
	EndGlobalSection
	GlobalSection(SolutionProperties) = preSolution
		HideSolutionNode = FALSE
	EndGlobalSection
	GlobalSection(ProjectConfigurationPlatforms) = postSolution
		{14E73F13-6272-457E-835D-092B21595788}.Debug|Any CPU.ActiveCfg = Debug|Any CPU
		{14E73F13-6272-457E-835D-092B21595788}.Debug|Any CPU.Build.0 = Debug|Any CPU
		{14E73F13-6272-457E-835D-092B21595788}.Release|Any CPU.ActiveCfg = Release|Any CPU
		{14E73F13-6272-457E-835D-092B21595788}.Release|Any CPU.Build.0 = Release|Any CPU
		{E3351B3D-AD6B-4F42-B203-F5C60A4BB21A}.Debug|Any CPU.ActiveCfg = Debug|Any CPU
		{E3351B3D-AD6B-4F42-B203-F5C60A4BB21A}.Debug|Any CPU.Build.0 = Debug|Any CPU
		{E3351B3D-AD6B-4F42-B203-F5C60A4BB21A}.Release|Any CPU.ActiveCfg = Release|Any CPU
		{E3351B3D-AD6B-4F42-B203-F5C60A4BB21A}.Release|Any CPU.Build.0 = Release|Any CPU
		{FD1932FB-9F1D-434A-853B-DC5DA62952F1}.Debug|Any CPU.ActiveCfg = Debug|Any CPU
		{FD1932FB-9F1D-434A-853B-DC5DA62952F1}.Debug|Any CPU.Build.0 = Debug|Any CPU
		{FD1932FB-9F1D-434A-853B-DC5DA62952F1}.Release|Any CPU.ActiveCfg = Release|Any CPU
		{FD1932FB-9F1D-434A-853B-DC5DA62952F1}.Release|Any CPU.Build.0 = Release|Any CPU
		{2529900F-1DAB-4C86-95AD-179CED450D7E}.Debug|Any CPU.ActiveCfg = Debug|Any CPU
		{2529900F-1DAB-4C86-95AD-179CED450D7E}.Debug|Any CPU.Build.0 = Debug|Any CPU
		{2529900F-1DAB-4C86-95AD-179CED450D7E}.Release|Any CPU.ActiveCfg = Release|Any CPU
		{2529900F-1DAB-4C86-95AD-179CED450D7E}.Release|Any CPU.Build.0 = Release|Any CPU
	EndGlobalSection
EndGlobal
